
Microsoft Visual Studio Solution File, Format Version 12.00
# Visual Studio Version 17
VisualStudioVersion = 17.0.31903.59
MinimumVisualStudioVersion = 10.0.40219.1
Project("{2150E333-8FDC-42A3-9474-1A3956D46DE8}") = "src", "src", "{827E0CD3-B72D-47B6-A68D-7590B98EB39B}"
EndProject
Project("{FAE04EC0-301F-11D3-BF4B-00C04F79EFBC}") = "MedConnect.Domain", "src\MedConnect.Domain\MedConnect.Domain.csproj", "{B940CBF3-2F37-4221-A0BC-0DCFECB92836}"
EndProject
Project("{FAE04EC0-301F-11D3-BF4B-00C04F79EFBC}") = "MedConnect.Application", "src\MedConnect.Application\MedConnect.Application.csproj", "{A80203F4-4D3E-4B7F-8473-A5FACF0BD8CD}"
EndProject
Project("{FAE04EC0-301F-11D3-BF4B-00C04F79EFBC}") = "MedConnect.Infrastructure", "src\MedConnect.Infrastructure\MedConnect.Infrastructure.csproj", "{6BB326F2-2BB1-4B7E-98D5-4EFC3E7393F6}"
EndProject
Project("{FAE04EC0-301F-11D3-BF4B-00C04F79EFBC}") = "MedConnect.Api", "src\MedConnect.Api\MedConnect.Api.csproj", "{6A960506-D1F0-47B1-B2DC-D92552D94BB6}"
EndProject
Project("{2150E333-8FDC-42A3-9474-1A3956D46DE8}") = "tests", "tests", "{0AB3BF05-4346-4AA6-1389-037BE0695223}"
EndProject
Project("{FAE04EC0-301F-11D3-BF4B-00C04F79EFBC}") = "MedConnect.Domain.UnitTests", "tests\MedConnect.Domain.UnitTests\MedConnect.Domain.UnitTests.csproj", "{40C39119-C79A-46A7-A825-6A54D560F53D}"
EndProject
Project("{FAE04EC0-301F-11D3-BF4B-00C04F79EFBC}") = "MedConnect.Infrastructure.UnitTests", "tests\MedConnect.Infrastructure.UnitTests\MedConnect.Infrastructure.UnitTests.csproj", "{40B00B83-864C-48D0-A02A-71B2EF9B9982}"
EndProject
Project("{FAE04EC0-301F-11D3-BF4B-00C04F79EFBC}") = "MedConnect.Application.UnitTests", "tests\MedConnect.Application.UnitTests\MedConnect.Application.UnitTests.csproj", "{D0438E3C-8DE4-404D-8842-CDAD15C1D6E5}"
EndProject
Project("{FAE04EC0-301F-11D3-BF4B-00C04F79EFBC}") = "MedConnect.IntegrationTests", "tests\MedConnect.IntegrationTests\MedConnect.IntegrationTests.csproj", "{96CD6ED2-533C-47D5-A2EC-D9AEBC89BA98}"
EndProject
Global
	GlobalSection(SolutionConfigurationPlatforms) = preSolution
		Debug|Any CPU = Debug|Any CPU
		Debug|x64 = Debug|x64
		Debug|x86 = Debug|x86
		Release|Any CPU = Release|Any CPU
		Release|x64 = Release|x64
		Release|x86 = Release|x86
	EndGlobalSection
	GlobalSection(ProjectConfigurationPlatforms) = postSolution
		{B940CBF3-2F37-4221-A0BC-0DCFECB92836}.Debug|Any CPU.ActiveCfg = Debug|Any CPU
		{B940CBF3-2F37-4221-A0BC-0DCFECB92836}.Debug|Any CPU.Build.0 = Debug|Any CPU
		{B940CBF3-2F37-4221-A0BC-0DCFECB92836}.Debug|x64.ActiveCfg = Debug|Any CPU
		{B940CBF3-2F37-4221-A0BC-0DCFECB92836}.Debug|x64.Build.0 = Debug|Any CPU
		{B940CBF3-2F37-4221-A0BC-0DCFECB92836}.Debug|x86.ActiveCfg = Debug|Any CPU
		{B940CBF3-2F37-4221-A0BC-0DCFECB92836}.Debug|x86.Build.0 = Debug|Any CPU
		{B940CBF3-2F37-4221-A0BC-0DCFECB92836}.Release|Any CPU.ActiveCfg = Release|Any CPU
		{B940CBF3-2F37-4221-A0BC-0DCFECB92836}.Release|Any CPU.Build.0 = Release|Any CPU
		{B940CBF3-2F37-4221-A0BC-0DCFECB92836}.Release|x64.ActiveCfg = Release|Any CPU
		{B940CBF3-2F37-4221-A0BC-0DCFECB92836}.Release|x64.Build.0 = Release|Any CPU
		{B940CBF3-2F37-4221-A0BC-0DCFECB92836}.Release|x86.ActiveCfg = Release|Any CPU
		{B940CBF3-2F37-4221-A0BC-0DCFECB92836}.Release|x86.Build.0 = Release|Any CPU
		{A80203F4-4D3E-4B7F-8473-A5FACF0BD8CD}.Debug|Any CPU.ActiveCfg = Debug|Any CPU
		{A80203F4-4D3E-4B7F-8473-A5FACF0BD8CD}.Debug|Any CPU.Build.0 = Debug|Any CPU
		{A80203F4-4D3E-4B7F-8473-A5FACF0BD8CD}.Debug|x64.ActiveCfg = Debug|Any CPU
		{A80203F4-4D3E-4B7F-8473-A5FACF0BD8CD}.Debug|x64.Build.0 = Debug|Any CPU
		{A80203F4-4D3E-4B7F-8473-A5FACF0BD8CD}.Debug|x86.ActiveCfg = Debug|Any CPU
		{A80203F4-4D3E-4B7F-8473-A5FACF0BD8CD}.Debug|x86.Build.0 = Debug|Any CPU
		{A80203F4-4D3E-4B7F-8473-A5FACF0BD8CD}.Release|Any CPU.ActiveCfg = Release|Any CPU
		{A80203F4-4D3E-4B7F-8473-A5FACF0BD8CD}.Release|Any CPU.Build.0 = Release|Any CPU
		{A80203F4-4D3E-4B7F-8473-A5FACF0BD8CD}.Release|x64.ActiveCfg = Release|Any CPU
		{A80203F4-4D3E-4B7F-8473-A5FACF0BD8CD}.Release|x64.Build.0 = Release|Any CPU
		{A80203F4-4D3E-4B7F-8473-A5FACF0BD8CD}.Release|x86.ActiveCfg = Release|Any CPU
		{A80203F4-4D3E-4B7F-8473-A5FACF0BD8CD}.Release|x86.Build.0 = Release|Any CPU
		{6BB326F2-2BB1-4B7E-98D5-4EFC3E7393F6}.Debug|Any CPU.ActiveCfg = Debug|Any CPU
		{6BB326F2-2BB1-4B7E-98D5-4EFC3E7393F6}.Debug|Any CPU.Build.0 = Debug|Any CPU
		{6BB326F2-2BB1-4B7E-98D5-4EFC3E7393F6}.Debug|x64.ActiveCfg = Debug|Any CPU
		{6BB326F2-2BB1-4B7E-98D5-4EFC3E7393F6}.Debug|x64.Build.0 = Debug|Any CPU
		{6BB326F2-2BB1-4B7E-98D5-4EFC3E7393F6}.Debug|x86.ActiveCfg = Debug|Any CPU
		{6BB326F2-2BB1-4B7E-98D5-4EFC3E7393F6}.Debug|x86.Build.0 = Debug|Any CPU
		{6BB326F2-2BB1-4B7E-98D5-4EFC3E7393F6}.Release|Any CPU.ActiveCfg = Release|Any CPU
		{6BB326F2-2BB1-4B7E-98D5-4EFC3E7393F6}.Release|Any CPU.Build.0 = Release|Any CPU
		{6BB326F2-2BB1-4B7E-98D5-4EFC3E7393F6}.Release|x64.ActiveCfg = Release|Any CPU
		{6BB326F2-2BB1-4B7E-98D5-4EFC3E7393F6}.Release|x64.Build.0 = Release|Any CPU
		{6BB326F2-2BB1-4B7E-98D5-4EFC3E7393F6}.Release|x86.ActiveCfg = Release|Any CPU
		{6BB326F2-2BB1-4B7E-98D5-4EFC3E7393F6}.Release|x86.Build.0 = Release|Any CPU
		{6A960506-D1F0-47B1-B2DC-D92552D94BB6}.Debug|Any CPU.ActiveCfg = Debug|Any CPU
		{6A960506-D1F0-47B1-B2DC-D92552D94BB6}.Debug|Any CPU.Build.0 = Debug|Any CPU
		{6A960506-D1F0-47B1-B2DC-D92552D94BB6}.Debug|x64.ActiveCfg = Debug|Any CPU
		{6A960506-D1F0-47B1-B2DC-D92552D94BB6}.Debug|x64.Build.0 = Debug|Any CPU
		{6A960506-D1F0-47B1-B2DC-D92552D94BB6}.Debug|x86.ActiveCfg = Debug|Any CPU
		{6A960506-D1F0-47B1-B2DC-D92552D94BB6}.Debug|x86.Build.0 = Debug|Any CPU
		{6A960506-D1F0-47B1-B2DC-D92552D94BB6}.Release|Any CPU.ActiveCfg = Release|Any CPU
		{6A960506-D1F0-47B1-B2DC-D92552D94BB6}.Release|Any CPU.Build.0 = Release|Any CPU
		{6A960506-D1F0-47B1-B2DC-D92552D94BB6}.Release|x64.ActiveCfg = Release|Any CPU
		{6A960506-D1F0-47B1-B2DC-D92552D94BB6}.Release|x64.Build.0 = Release|Any CPU
		{6A960506-D1F0-47B1-B2DC-D92552D94BB6}.Release|x86.ActiveCfg = Release|Any CPU
		{6A960506-D1F0-47B1-B2DC-D92552D94BB6}.Release|x86.Build.0 = Release|Any CPU
		{40C39119-C79A-46A7-A825-6A54D560F53D}.Debug|Any CPU.ActiveCfg = Debug|Any CPU
		{40C39119-C79A-46A7-A825-6A54D560F53D}.Debug|Any CPU.Build.0 = Debug|Any CPU
		{40C39119-C79A-46A7-A825-6A54D560F53D}.Debug|x64.ActiveCfg = Debug|Any CPU
		{40C39119-C79A-46A7-A825-6A54D560F53D}.Debug|x64.Build.0 = Debug|Any CPU
		{40C39119-C79A-46A7-A825-6A54D560F53D}.Debug|x86.ActiveCfg = Debug|Any CPU
		{40C39119-C79A-46A7-A825-6A54D560F53D}.Debug|x86.Build.0 = Debug|Any CPU
		{40C39119-C79A-46A7-A825-6A54D560F53D}.Release|Any CPU.ActiveCfg = Release|Any CPU
		{40C39119-C79A-46A7-A825-6A54D560F53D}.Release|Any CPU.Build.0 = Release|Any CPU
		{40C39119-C79A-46A7-A825-6A54D560F53D}.Release|x64.ActiveCfg = Release|Any CPU
		{40C39119-C79A-46A7-A825-6A54D560F53D}.Release|x64.Build.0 = Release|Any CPU
		{40C39119-C79A-46A7-A825-6A54D560F53D}.Release|x86.ActiveCfg = Release|Any CPU
		{40C39119-C79A-46A7-A825-6A54D560F53D}.Release|x86.Build.0 = Release|Any CPU
		{40B00B83-864C-48D0-A02A-71B2EF9B9982}.Debug|Any CPU.ActiveCfg = Debug|Any CPU
		{40B00B83-864C-48D0-A02A-71B2EF9B9982}.Debug|Any CPU.Build.0 = Debug|Any CPU
		{40B00B83-864C-48D0-A02A-71B2EF9B9982}.Debug|x64.ActiveCfg = Debug|Any CPU
		{40B00B83-864C-48D0-A02A-71B2EF9B9982}.Debug|x64.Build.0 = Debug|Any CPU
		{40B00B83-864C-48D0-A02A-71B2EF9B9982}.Debug|x86.ActiveCfg = Debug|Any CPU
		{40B00B83-864C-48D0-A02A-71B2EF9B9982}.Debug|x86.Build.0 = Debug|Any CPU
		{40B00B83-864C-48D0-A02A-71B2EF9B9982}.Release|Any CPU.ActiveCfg = Release|Any CPU
		{40B00B83-864C-48D0-A02A-71B2EF9B9982}.Release|Any CPU.Build.0 = Release|Any CPU
		{40B00B83-864C-48D0-A02A-71B2EF9B9982}.Release|x64.ActiveCfg = Release|Any CPU
		{40B00B83-864C-48D0-A02A-71B2EF9B9982}.Release|x64.Build.0 = Release|Any CPU
		{40B00B83-864C-48D0-A02A-71B2EF9B9982}.Release|x86.ActiveCfg = Release|Any CPU
		{40B00B83-864C-48D0-A02A-71B2EF9B9982}.Release|x86.Build.0 = Release|Any CPU
		{D0438E3C-8DE4-404D-8842-CDAD15C1D6E5}.Debug|Any CPU.ActiveCfg = Debug|Any CPU
		{D0438E3C-8DE4-404D-8842-CDAD15C1D6E5}.Debug|Any CPU.Build.0 = Debug|Any CPU
		{D0438E3C-8DE4-404D-8842-CDAD15C1D6E5}.Debug|x64.ActiveCfg = Debug|Any CPU
		{D0438E3C-8DE4-404D-8842-CDAD15C1D6E5}.Debug|x64.Build.0 = Debug|Any CPU
		{D0438E3C-8DE4-404D-8842-CDAD15C1D6E5}.Debug|x86.ActiveCfg = Debug|Any CPU
		{D0438E3C-8DE4-404D-8842-CDAD15C1D6E5}.Debug|x86.Build.0 = Debug|Any CPU
		{D0438E3C-8DE4-404D-8842-CDAD15C1D6E5}.Release|Any CPU.ActiveCfg = Release|Any CPU
		{D0438E3C-8DE4-404D-8842-CDAD15C1D6E5}.Release|Any CPU.Build.0 = Release|Any CPU
		{D0438E3C-8DE4-404D-8842-CDAD15C1D6E5}.Release|x64.ActiveCfg = Release|Any CPU
		{D0438E3C-8DE4-404D-8842-CDAD15C1D6E5}.Release|x64.Build.0 = Release|Any CPU
		{D0438E3C-8DE4-404D-8842-CDAD15C1D6E5}.Release|x86.ActiveCfg = Release|Any CPU
		{D0438E3C-8DE4-404D-8842-CDAD15C1D6E5}.Release|x86.Build.0 = Release|Any CPU
		{96CD6ED2-533C-47D5-A2EC-D9AEBC89BA98}.Debug|Any CPU.ActiveCfg = Debug|Any CPU
		{96CD6ED2-533C-47D5-A2EC-D9AEBC89BA98}.Debug|Any CPU.Build.0 = Debug|Any CPU
		{96CD6ED2-533C-47D5-A2EC-D9AEBC89BA98}.Debug|x64.ActiveCfg = Debug|Any CPU
		{96CD6ED2-533C-47D5-A2EC-D9AEBC89BA98}.Debug|x64.Build.0 = Debug|Any CPU
		{96CD6ED2-533C-47D5-A2EC-D9AEBC89BA98}.Debug|x86.ActiveCfg = Debug|Any CPU
		{96CD6ED2-533C-47D5-A2EC-D9AEBC89BA98}.Debug|x86.Build.0 = Debug|Any CPU
		{96CD6ED2-533C-47D5-A2EC-D9AEBC89BA98}.Release|Any CPU.ActiveCfg = Release|Any CPU
		{96CD6ED2-533C-47D5-A2EC-D9AEBC89BA98}.Release|Any CPU.Build.0 = Release|Any CPU
		{96CD6ED2-533C-47D5-A2EC-D9AEBC89BA98}.Release|x64.ActiveCfg = Release|Any CPU
		{96CD6ED2-533C-47D5-A2EC-D9AEBC89BA98}.Release|x64.Build.0 = Release|Any CPU
		{96CD6ED2-533C-47D5-A2EC-D9AEBC89BA98}.Release|x86.ActiveCfg = Release|Any CPU
		{96CD6ED2-533C-47D5-A2EC-D9AEBC89BA98}.Release|x86.Build.0 = Release|Any CPU
	EndGlobalSection
	GlobalSection(SolutionProperties) = preSolution
		HideSolutionNode = FALSE
	EndGlobalSection
	GlobalSection(NestedProjects) = preSolution
		{B940CBF3-2F37-4221-A0BC-0DCFECB92836} = {827E0CD3-B72D-47B6-A68D-7590B98EB39B}
		{A80203F4-4D3E-4B7F-8473-A5FACF0BD8CD} = {827E0CD3-B72D-47B6-A68D-7590B98EB39B}
		{6BB326F2-2BB1-4B7E-98D5-4EFC3E7393F6} = {827E0CD3-B72D-47B6-A68D-7590B98EB39B}
		{6A960506-D1F0-47B1-B2DC-D92552D94BB6} = {827E0CD3-B72D-47B6-A68D-7590B98EB39B}
		{40C39119-C79A-46A7-A825-6A54D560F53D} = {0AB3BF05-4346-4AA6-1389-037BE0695223}
		{40B00B83-864C-48D0-A02A-71B2EF9B9982} = {0AB3BF05-4346-4AA6-1389-037BE0695223}
		{D0438E3C-8DE4-404D-8842-CDAD15C1D6E5} = {0AB3BF05-4346-4AA6-1389-037BE0695223}
		{96CD6ED2-533C-47D5-A2EC-D9AEBC89BA98} = {0AB3BF05-4346-4AA6-1389-037BE0695223}
	EndGlobalSection
EndGlobal
